
Microsoft Visual Studio Solution File, Format Version 12.00
# Visual Studio Version 17
VisualStudioVersion = 17.6.33815.320
MinimumVisualStudioVersion = 10.0.40219.1
Project("{FAE04EC0-301F-11D3-BF4B-00C04F79EFBC}") = "Backoffice_ANCFCC", "Backoffice_ANCFCC.csproj", "{FB0E14C9-B3FA-42B1-BAFC-F6F8B04FE8A5}"
EndProject
Global
	GlobalSection(SolutionConfigurationPlatforms) = preSolution
		Debug|Any CPU = Debug|Any CPU
		Release|Any CPU = Release|Any CPU
	EndGlobalSection
	GlobalSection(ProjectConfigurationPlatforms) = postSolution
		{FB0E14C9-B3FA-42B1-BAFC-F6F8B04FE8A5}.Debug|Any CPU.ActiveCfg = Debug|Any CPU
		{FB0E14C9-B3FA-42B1-BAFC-F6F8B04FE8A5}.Debug|Any CPU.Build.0 = Debug|Any CPU
		{FB0E14C9-B3FA-42B1-BAFC-F6F8B04FE8A5}.Release|Any CPU.ActiveCfg = Release|Any CPU
		{FB0E14C9-B3FA-42B1-BAFC-F6F8B04FE8A5}.Release|Any CPU.Build.0 = Release|Any CPU
	EndGlobalSection
	GlobalSection(SolutionProperties) = preSolution
		HideSolutionNode = FALSE
	EndGlobalSection
	GlobalSection(ExtensibilityGlobals) = postSolution
		SolutionGuid = {0C6C9AD6-9F24-4158-9EBD-47A2B242CFB1}
	EndGlobalSection
EndGlobal
