
Microsoft Visual Studio Solution File, Format Version 12.00
# Visual Studio Version 17
VisualStudioVersion = 17.6.33815.320
MinimumVisualStudioVersion = 10.0.40219.1
Project("{9A19103F-16F7-4668-BE54-9A1E7A4F7556}") = "Backoffice_ANCFCC", "Backoffice_ANCFCC.csproj", "{FB0E14C9-B3FA-42B1-BAFC-F6F8B04FE8A5}"
EndProject
Project("{2150E333-8FDC-42A3-9474-1A3956D46DE8}") = "Solution Items", "Solution Items", "{50E1BF62-1554-49E9-B441-9BAE2A10ADDC}"
	ProjectSection(SolutionItems) = preProject
		.editorconfig = .editorconfig
	EndProjectSection
EndProject
Project("{FAE04EC0-301F-11D3-BF4B-00C04F79EFBC}") = "UniteTest.Test", "..\UnitTestCaseDemo\UnitTestCaseDemo.Test\UniteTest.Test.csproj", "{7998C73D-B774-44B7-8996-A4D68AE9AC29}"
EndProject
Global
	GlobalSection(SolutionConfigurationPlatforms) = preSolution
		Debug|Any CPU = Debug|Any CPU
		Release|Any CPU = Release|Any CPU
	EndGlobalSection
	GlobalSection(ProjectConfigurationPlatforms) = postSolution
		{FB0E14C9-B3FA-42B1-BAFC-F6F8B04FE8A5}.Debug|Any CPU.ActiveCfg = Debug|Any CPU
		{FB0E14C9-B3FA-42B1-BAFC-F6F8B04FE8A5}.Debug|Any CPU.Build.0 = Debug|Any CPU
		{FB0E14C9-B3FA-42B1-BAFC-F6F8B04FE8A5}.Release|Any CPU.ActiveCfg = Release|Any CPU
		{FB0E14C9-B3FA-42B1-BAFC-F6F8B04FE8A5}.Release|Any CPU.Build.0 = Release|Any CPU
		{7998C73D-B774-44B7-8996-A4D68AE9AC29}.Debug|Any CPU.ActiveCfg = Debug|Any CPU
		{7998C73D-B774-44B7-8996-A4D68AE9AC29}.Debug|Any CPU.Build.0 = Debug|Any CPU
		{7998C73D-B774-44B7-8996-A4D68AE9AC29}.Release|Any CPU.ActiveCfg = Release|Any CPU
		{7998C73D-B774-44B7-8996-A4D68AE9AC29}.Release|Any CPU.Build.0 = Release|Any CPU
	EndGlobalSection
	GlobalSection(SolutionProperties) = preSolution
		HideSolutionNode = FALSE
	EndGlobalSection
	GlobalSection(ExtensibilityGlobals) = postSolution
		SolutionGuid = {0C6C9AD6-9F24-4158-9EBD-47A2B242CFB1}
	EndGlobalSection
EndGlobal
